<?xml version="1.0" encoding="UTF-8" standalone="yes" ?>
<CodeBlocks_project_file>
	<FileVersion major="1" minor="6" />
	<Project>
		<Option title="libserum" />
		<Option pch_mode="2" />
		<Option compiler="gcc" />
		<Build>
			<Target title="Debug">
				<Option output="../bin/serum" prefix_auto="1" extension_auto="1" />
				<Option object_output="../obj/libserum/" />
				<Option type="3" />
				<Option compiler="gcc" />
				<Option createDefFile="1" />
				<Option createStaticLib="1" />
				<Compiler>
					<Add option="-g" />
					<Add option="-DDEBUG" />
				</Compiler>
			</Target>
			<Target title="Release">
				<Option output="../bin/serum" prefix_auto="1" extension_auto="1" />
				<Option object_output="../obj/libserum/" />
				<Option type="3" />
				<Option compiler="gcc" />
				<Option createDefFile="1" />
				<Option createStaticLib="1" />
				<Compiler>
					<Add option="-O2" />
				</Compiler>
				<Linker>
					<Add option="-s" />
				</Linker>
			</Target>
		</Build>
		<Compiler>
			<Add option="-Wall" />
			<Add option="-fPIC" />
			<Add option="-DEXPORTING=1" />
		</Compiler>
		<Unit filename="core/bits.h" />
		<Unit filename="core/bool.h" />
		<Unit filename="core/detect.h" />
		<Unit filename="core/detect_compiler.h" />
		<Unit filename="core/detect_endianness.h" />
		<Unit filename="core/detect_os.h" />
		<Unit filename="core/detect_platform.h" />
		<Unit filename="core/identification.h" />
		<Unit filename="core/integers.h" />
		<Unit filename="core/intrinsics.h" />
		<Unit filename="core/lsapi.h" />
		<Unit filename="core/macro.h" />
		<Unit filename="core/math.h" />
		<Unit filename="core/ptrarithmetic.h" />
		<Unit filename="core/result.h" />
		<Unit filename="core/stdincl.h" />
		<Unit filename="core/time.c">
			<Option compilerVar="CC" />
		</Unit>
		<Unit filename="core/time.h" />
		<Unit filename="crypto/enum.h" />
		<Unit filename="crypto/padding/iso9797.c">
			<Option compilerVar="CC" />
		</Unit>
		<Unit filename="crypto/padding/iso9797.h" />
		<Unit filename="crypto/prng/device.c">
			<Option compilerVar="CC" />
		</Unit>
		<Unit filename="crypto/prng/device.h" />
		<Unit filename="crypto/prng/isaac.c">
			<Option compilerVar="CPP" />
		</Unit>
		<Unit filename="crypto/prng/isaac.h" />
		<Unit filename="crypto/xxtea.c">
			<Option compilerVar="CC" />
		</Unit>
		<Unit filename="crypto/xxtea.h" />
		<Unit filename="debug/memdump.c">
			<Option compilerVar="CC" />
		</Unit>
		<Unit filename="debug/memdump.h" />
		<Extensions>
			<code_completion />
			<envvars />
			<debugger />
			<lib_finder disable_auto="1" />
		</Extensions>
	</Project>
</CodeBlocks_project_file>
